{
  "object": {
    "pins": [
      {
        "package": "CANumberTextLayer",
        "repositoryURL": "https://github.com/HsinChungHan/CANumberTextLayer.git",
        "state": {
          "branch": null,
          "revision": "75c034964f9867303e8120e04580b21dae0560ff",
          "version": "1.0.1"
        }
      },
      {
        "package": "HsinUtils",
        "repositoryURL": "https://github.com/HsinChungHan/HsinUtils.git",
        "state": {
          "branch": null,
          "revision": "8acac6590450f05bd7aa06bdd3b757bc35605968",
          "version": "1.1.2"
        }
      },
      {
        "package": "TinderStyleWipedCard",
        "repositoryURL": "https://github.com/HsinChungHan/TinderStyleWipedCardPackage.git",
        "state": {
          "branch": null,
          "revision": "25f5f6ece1545a32dfaea63fcabc6a75bad389ae",
          "version": "1.0.7"
        }
      }
    ]
  },
  "version": 1
}
